// !$*UTF8*$!
{
	archiveVersion = 1;
	classes = {
	};
	objectVersion = 56;
	objects = {

/* Begin PBXBuildFile section */
		F76F49482A277EC400D8278A /* NetworkingDemoiOSApp.swift in Sources */ = {isa = PBXBuildFile; fileRef = F76F49472A277EC400D8278A /* NetworkingDemoiOSApp.swift */; };
		F76F494A2A277EC400D8278A /* ContentView.swift in Sources */ = {isa = PBXBuildFile; fileRef = F76F49492A277EC400D8278A /* ContentView.swift */; };
		F76F494C2A277EC500D8278A /* Assets.xcassets in Resources */ = {isa = PBXBuildFile; fileRef = F76F494B2A277EC500D8278A /* Assets.xcassets */; };
		F76F494F2A277EC500D8278A /* Preview Assets.xcassets in Resources */ = {isa = PBXBuildFile; fileRef = F76F494E2A277EC500D8278A /* Preview Assets.xcassets */; };
		F7C2B74F2A38C97300B4B0B1 /* NetworkingManager.swift in Sources */ = {isa = PBXBuildFile; fileRef = F7C2B74E2A38C97300B4B0B1 /* NetworkingManager.swift */; };
		F7C2B7512A38CA0F00B4B0B1 /* FileManager.swift in Sources */ = {isa = PBXBuildFile; fileRef = F7C2B7502A38CA0F00B4B0B1 /* FileManager.swift */; };
		F7C2B7542A38CA4100B4B0B1 /* Product.swift in Sources */ = {isa = PBXBuildFile; fileRef = F7C2B7532A38CA4100B4B0B1 /* Product.swift */; };
		F7C2B7562A38CF3D00B4B0B1 /* ProductViewModel.swift in Sources */ = {isa = PBXBuildFile; fileRef = F7C2B7552A38CF3D00B4B0B1 /* ProductViewModel.swift */; };
		F7C2B7582A38CFE600B4B0B1 /* ProductListItemView.swift in Sources */ = {isa = PBXBuildFile; fileRef = F7C2B7572A38CFE600B4B0B1 /* ProductListItemView.swift */; };
/* End PBXBuildFile section */

/* Begin PBXFileReference section */
		F76F49442A277EC400D8278A /* NetworkingDemoiOS.app */ = {isa = PBXFileReference; explicitFileType = wrapper.application; includeInIndex = 0; path = NetworkingDemoiOS.app; sourceTree = BUILT_PRODUCTS_DIR; };
		F76F49472A277EC400D8278A /* NetworkingDemoiOSApp.swift */ = {isa = PBXFileReference; lastKnownFileType = sourcecode.swift; path = NetworkingDemoiOSApp.swift; sourceTree = "<group>"; };
		F76F49492A277EC400D8278A /* ContentView.swift */ = {isa = PBXFileReference; lastKnownFileType = sourcecode.swift; path = ContentView.swift; sourceTree = "<group>"; };
		F76F494B2A277EC500D8278A /* Assets.xcassets */ = {isa = PBXFileReference; lastKnownFileType = folder.assetcatalog; path = Assets.xcassets; sourceTree = "<group>"; };
		F76F494E2A277EC500D8278A /* Preview Assets.xcassets */ = {isa = PBXFileReference; lastKnownFileType = folder.assetcatalog; path = "Preview Assets.xcassets"; sourceTree = "<group>"; };
		F7C2B74E2A38C97300B4B0B1 /* NetworkingManager.swift */ = {isa = PBXFileReference; lastKnownFileType = sourcecode.swift; path = NetworkingManager.swift; sourceTree = "<group>"; };
		F7C2B7502A38CA0F00B4B0B1 /* FileManager.swift */ = {isa = PBXFileReference; lastKnownFileType = sourcecode.swift; path = FileManager.swift; sourceTree = "<group>"; };
		F7C2B7532A38CA4100B4B0B1 /* Product.swift */ = {isa = PBXFileReference; lastKnownFileType = sourcecode.swift; path = Product.swift; sourceTree = "<group>"; };
		F7C2B7552A38CF3D00B4B0B1 /* ProductViewModel.swift */ = {isa = PBXFileReference; lastKnownFileType = sourcecode.swift; path = ProductViewModel.swift; sourceTree = "<group>"; };
		F7C2B7572A38CFE600B4B0B1 /* ProductListItemView.swift */ = {isa = PBXFileReference; lastKnownFileType = sourcecode.swift; path = ProductListItemView.swift; sourceTree = "<group>"; };
/* End PBXFileReference section */

/* Begin PBXFrameworksBuildPhase section */
		F76F49412A277EC400D8278A /* Frameworks */ = {
			isa = PBXFrameworksBuildPhase;
			buildActionMask = 2147483647;
			files = (
			);
			runOnlyForDeploymentPostprocessing = 0;
		};
/* End PBXFrameworksBuildPhase section */

/* Begin PBXGroup section */
		F76F493B2A277EC400D8278A = {
			isa = PBXGroup;
			children = (
				F76F49462A277EC400D8278A /* NetworkingDemoiOS */,
				F76F49452A277EC400D8278A /* Products */,
			);
			sourceTree = "<group>";
		};
		F76F49452A277EC400D8278A /* Products */ = {
			isa = PBXGroup;
			children = (
				F76F49442A277EC400D8278A /* NetworkingDemoiOS.app */,
			);
			name = Products;
			sourceTree = "<group>";
		};
		F76F49462A277EC400D8278A /* NetworkingDemoiOS */ = {
			isa = PBXGroup;
			children = (
				F7C2B7522A38CA3700B4B0B1 /* Models */,
				F7C2B74D2A38C6C900B4B0B1 /* Networking */,
				F7C2B74C2A38C6BF00B4B0B1 /* Extensions */,
				F76F49472A277EC400D8278A /* NetworkingDemoiOSApp.swift */,
				F76F49492A277EC400D8278A /* ContentView.swift */,
				F76F494B2A277EC500D8278A /* Assets.xcassets */,
				F76F494D2A277EC500D8278A /* Preview Content */,
				F7C2B7572A38CFE600B4B0B1 /* ProductListItemView.swift */,
			);
			path = NetworkingDemoiOS;
			sourceTree = "<group>";
		};
		F76F494D2A277EC500D8278A /* Preview Content */ = {
			isa = PBXGroup;
			children = (
				F76F494E2A277EC500D8278A /* Preview Assets.xcassets */,
			);
			path = "Preview Content";
			sourceTree = "<group>";
		};
		F7C2B74C2A38C6BF00B4B0B1 /* Extensions */ = {
			isa = PBXGroup;
			children = (
				F7C2B7502A38CA0F00B4B0B1 /* FileManager.swift */,
			);
			path = Extensions;
			sourceTree = "<group>";
		};
		F7C2B74D2A38C6C900B4B0B1 /* Networking */ = {
			isa = PBXGroup;
			children = (
				F7C2B74E2A38C97300B4B0B1 /* NetworkingManager.swift */,
			);
			path = Networking;
			sourceTree = "<group>";
		};
		F7C2B7522A38CA3700B4B0B1 /* Models */ = {
			isa = PBXGroup;
			children = (
				F7C2B7532A38CA4100B4B0B1 /* Product.swift */,
				F7C2B7552A38CF3D00B4B0B1 /* ProductViewModel.swift */,
			);
			path = Models;
			sourceTree = "<group>";
		};
/* End PBXGroup section */

/* Begin PBXNativeTarget section */
		F76F49432A277EC400D8278A /* NetworkingDemoiOS */ = {
			isa = PBXNativeTarget;
			buildConfigurationList = F76F49522A277EC500D8278A /* Build configuration list for PBXNativeTarget "NetworkingDemoiOS" */;
			buildPhases = (
				F76F49402A277EC400D8278A /* Sources */,
				F76F49412A277EC400D8278A /* Frameworks */,
				F76F49422A277EC400D8278A /* Resources */,
			);
			buildRules = (
			);
			dependencies = (
			);
			name = NetworkingDemoiOS;
			productName = NetworkingDemoiOS;
			productReference = F76F49442A277EC400D8278A /* NetworkingDemoiOS.app */;
			productType = "com.apple.product-type.application";
		};
/* End PBXNativeTarget section */

/* Begin PBXProject section */
		F76F493C2A277EC400D8278A /* Project object */ = {
			isa = PBXProject;
			attributes = {
				BuildIndependentTargetsInParallel = 1;
				LastSwiftUpdateCheck = 1430;
				LastUpgradeCheck = 1430;
				TargetAttributes = {
					F76F49432A277EC400D8278A = {
						CreatedOnToolsVersion = 14.3;
					};
				};
			};
			buildConfigurationList = F76F493F2A277EC400D8278A /* Build configuration list for PBXProject "NetworkingDemoiOS" */;
			compatibilityVersion = "Xcode 14.0";
			developmentRegion = en;
			hasScannedForEncodings = 0;
			knownRegions = (
				en,
				Base,
			);
			mainGroup = F76F493B2A277EC400D8278A;
			productRefGroup = F76F49452A277EC400D8278A /* Products */;
			projectDirPath = "";
			projectRoot = "";
			targets = (
				F76F49432A277EC400D8278A /* NetworkingDemoiOS */,
			);
		};
/* End PBXProject section */

/* Begin PBXResourcesBuildPhase section */
		F76F49422A277EC400D8278A /* Resources */ = {
			isa = PBXResourcesBuildPhase;
			buildActionMask = 2147483647;
			files = (
				F76F494F2A277EC500D8278A /* Preview Assets.xcassets in Resources */,
				F76F494C2A277EC500D8278A /* Assets.xcassets in Resources */,
			);
			runOnlyForDeploymentPostprocessing = 0;
		};
/* End PBXResourcesBuildPhase section */

/* Begin PBXSourcesBuildPhase section */
		F76F49402A277EC400D8278A /* Sources */ = {
			isa = PBXSourcesBuildPhase;
			buildActionMask = 2147483647;
			files = (
				F7C2B74F2A38C97300B4B0B1 /* NetworkingManager.swift in Sources */,
				F76F494A2A277EC400D8278A /* ContentView.swift in Sources */,
				F7C2B7562A38CF3D00B4B0B1 /* ProductViewModel.swift in Sources */,
				F7C2B7582A38CFE600B4B0B1 /* ProductListItemView.swift in Sources */,
				F7C2B7542A38CA4100B4B0B1 /* Product.swift in Sources */,
				F76F49482A277EC400D8278A /* NetworkingDemoiOSApp.swift in Sources */,
				F7C2B7512A38CA0F00B4B0B1 /* FileManager.swift in Sources */,
			);
			runOnlyForDeploymentPostprocessing = 0;
		};
/* End PBXSourcesBuildPhase section */

/* Begin XCBuildConfiguration section */
		F76F49502A277EC500D8278A /* Debug */ = {
			isa = XCBuildConfiguration;
			buildSettings = {
				ALWAYS_SEARCH_USER_PATHS = NO;
				CLANG_ANALYZER_NONNULL = YES;
				CLANG_ANALYZER_NUMBER_OBJECT_CONVERSION = YES_AGGRESSIVE;
				CLANG_CXX_LANGUAGE_STANDARD = "gnu++20";
				CLANG_ENABLE_MODULES = YES;
				CLANG_ENABLE_OBJC_ARC = YES;
				CLANG_ENABLE_OBJC_WEAK = YES;
				CLANG_WARN_BLOCK_CAPTURE_AUTORELEASING = YES;
				CLANG_WARN_BOOL_CONVERSION = YES;
				CLANG_WARN_COMMA = YES;
				CLANG_WARN_CONSTANT_CONVERSION = YES;
				CLANG_WARN_DEPRECATED_OBJC_IMPLEMENTATIONS = YES;
				CLANG_WARN_DIRECT_OBJC_ISA_USAGE = YES_ERROR;
				CLANG_WARN_DOCUMENTATION_COMMENTS = YES;
				CLANG_WARN_EMPTY_BODY = YES;
				CLANG_WARN_ENUM_CONVERSION = YES;
				CLANG_WARN_INFINITE_RECURSION = YES;
				CLANG_WARN_INT_CONVERSION = YES;
				CLANG_WARN_NON_LITERAL_NULL_CONVERSION = YES;
				CLANG_WARN_OBJC_IMPLICIT_RETAIN_SELF = YES;
				CLANG_WARN_OBJC_LITERAL_CONVERSION = YES;
				CLANG_WARN_OBJC_ROOT_CLASS = YES_ERROR;
				CLANG_WARN_QUOTED_INCLUDE_IN_FRAMEWORK_HEADER = YES;
				CLANG_WARN_RANGE_LOOP_ANALYSIS = YES;
				CLANG_WARN_STRICT_PROTOTYPES = YES;
				CLANG_WARN_SUSPICIOUS_MOVE = YES;
				CLANG_WARN_UNGUARDED_AVAILABILITY = YES_AGGRESSIVE;
				CLANG_WARN_UNREACHABLE_CODE = YES;
				CLANG_WARN__DUPLICATE_METHOD_MATCH = YES;
				COPY_PHASE_STRIP = NO;
				DEBUG_INFORMATION_FORMAT = dwarf;
				ENABLE_STRICT_OBJC_MSGSEND = YES;
				ENABLE_TESTABILITY = YES;
				GCC_C_LANGUAGE_STANDARD = gnu11;
				GCC_DYNAMIC_NO_PIC = NO;
				GCC_NO_COMMON_BLOCKS = YES;
				GCC_OPTIMIZATION_LEVEL = 0;
				GCC_PREPROCESSOR_DEFINITIONS = (
					"DEBUG=1",
					"$(inherited)",
				);
				GCC_WARN_64_TO_32_BIT_CONVERSION = YES;
				GCC_WARN_ABOUT_RETURN_TYPE = YES_ERROR;
				GCC_WARN_UNDECLARED_SELECTOR = YES;
				GCC_WARN_UNINITIALIZED_AUTOS = YES_AGGRESSIVE;
				GCC_WARN_UNUSED_FUNCTION = YES;
				GCC_WARN_UNUSED_VARIABLE = YES;
				IPHONEOS_DEPLOYMENT_TARGET = 16.4;
				MTL_ENABLE_DEBUG_INFO = INCLUDE_SOURCE;
				MTL_FAST_MATH = YES;
				ONLY_ACTIVE_ARCH = YES;
				SDKROOT = iphoneos;
				SWIFT_ACTIVE_COMPILATION_CONDITIONS = DEBUG;
				SWIFT_OPTIMIZATION_LEVEL = "-Onone";
			};
			name = Debug;
		};
		F76F49512A277EC500D8278A /* Release */ = {
			isa = XCBuildConfiguration;
			buildSettings = {
				ALWAYS_SEARCH_USER_PATHS = NO;
				CLANG_ANALYZER_NONNULL = YES;
				CLANG_ANALYZER_NUMBER_OBJECT_CONVERSION = YES_AGGRESSIVE;
				CLANG_CXX_LANGUAGE_STANDARD = "gnu++20";
				CLANG_ENABLE_MODULES = YES;
				CLANG_ENABLE_OBJC_ARC = YES;
				CLANG_ENABLE_OBJC_WEAK = YES;
				CLANG_WARN_BLOCK_CAPTURE_AUTORELEASING = YES;
				CLANG_WARN_BOOL_CONVERSION = YES;
				CLANG_WARN_COMMA = YES;
				CLANG_WARN_CONSTANT_CONVERSION = YES;
				CLANG_WARN_DEPRECATED_OBJC_IMPLEMENTATIONS = YES;
				CLANG_WARN_DIRECT_OBJC_ISA_USAGE = YES_ERROR;
				CLANG_WARN_DOCUMENTATION_COMMENTS = YES;
				CLANG_WARN_EMPTY_BODY = YES;
				CLANG_WARN_ENUM_CONVERSION = YES;
				CLANG_WARN_INFINITE_RECURSION = YES;
				CLANG_WARN_INT_CONVERSION = YES;
				CLANG_WARN_NON_LITERAL_NULL_CONVERSION = YES;
				CLANG_WARN_OBJC_IMPLICIT_RETAIN_SELF = YES;
				CLANG_WARN_OBJC_LITERAL_CONVERSION = YES;
				CLANG_WARN_OBJC_ROOT_CLASS = YES_ERROR;
				CLANG_WARN_QUOTED_INCLUDE_IN_FRAMEWORK_HEADER = YES;
				CLANG_WARN_RANGE_LOOP_ANALYSIS = YES;
				CLANG_WARN_STRICT_PROTOTYPES = YES;
				CLANG_WARN_SUSPICIOUS_MOVE = YES;
				CLANG_WARN_UNGUARDED_AVAILABILITY = YES_AGGRESSIVE;
				CLANG_WARN_UNREACHABLE_CODE = YES;
				CLANG_WARN__DUPLICATE_METHOD_MATCH = YES;
				COPY_PHASE_STRIP = NO;
				DEBUG_INFORMATION_FORMAT = "dwarf-with-dsym";
				ENABLE_NS_ASSERTIONS = NO;
				ENABLE_STRICT_OBJC_MSGSEND = YES;
				GCC_C_LANGUAGE_STANDARD = gnu11;
				GCC_NO_COMMON_BLOCKS = YES;
				GCC_WARN_64_TO_32_BIT_CONVERSION = YES;
				GCC_WARN_ABOUT_RETURN_TYPE = YES_ERROR;
				GCC_WARN_UNDECLARED_SELECTOR = YES;
				GCC_WARN_UNINITIALIZED_AUTOS = YES_AGGRESSIVE;
				GCC_WARN_UNUSED_FUNCTION = YES;
				GCC_WARN_UNUSED_VARIABLE = YES;
				IPHONEOS_DEPLOYMENT_TARGET = 16.4;
				MTL_ENABLE_DEBUG_INFO = NO;
				MTL_FAST_MATH = YES;
				SDKROOT = iphoneos;
				SWIFT_COMPILATION_MODE = wholemodule;
				SWIFT_OPTIMIZATION_LEVEL = "-O";
				VALIDATE_PRODUCT = YES;
			};
			name = Release;
		};
		F76F49532A277EC500D8278A /* Debug */ = {
			isa = XCBuildConfiguration;
			buildSettings = {
				ASSETCATALOG_COMPILER_APPICON_NAME = AppIcon;
				ASSETCATALOG_COMPILER_GLOBAL_ACCENT_COLOR_NAME = AccentColor;
				CODE_SIGN_STYLE = Automatic;
				CURRENT_PROJECT_VERSION = 1;
				DEVELOPMENT_ASSET_PATHS = "\"NetworkingDemoiOS/Preview Content\"";
				DEVELOPMENT_TEAM = PHHGHM5K66;
				ENABLE_PREVIEWS = YES;
				GENERATE_INFOPLIST_FILE = YES;
				INFOPLIST_KEY_UIApplicationSceneManifest_Generation = YES;
				INFOPLIST_KEY_UIApplicationSupportsIndirectInputEvents = YES;
				INFOPLIST_KEY_UILaunchScreen_Generation = YES;
				INFOPLIST_KEY_UISupportedInterfaceOrientations_iPad = "UIInterfaceOrientationPortrait UIInterfaceOrientationPortraitUpsideDown UIInterfaceOrientationLandscapeLeft UIInterfaceOrientationLandscapeRight";
				INFOPLIST_KEY_UISupportedInterfaceOrientations_iPhone = "UIInterfaceOrientationPortrait UIInterfaceOrientationLandscapeLeft UIInterfaceOrientationLandscapeRight";
				LD_RUNPATH_SEARCH_PATHS = (
					"$(inherited)",
					"@executable_path/Frameworks",
				);
				MARKETING_VERSION = 1.0;
				PRODUCT_BUNDLE_IDENTIFIER = com.objectstep.NetworkingDemoiOS;
				PRODUCT_NAME = "$(TARGET_NAME)";
				SWIFT_EMIT_LOC_STRINGS = YES;
				SWIFT_VERSION = 5.0;
				TARGETED_DEVICE_FAMILY = "1,2";
			};
			name = Debug;
		};
		F76F49542A277EC500D8278A /* Release */ = {
			isa = XCBuildConfiguration;
			buildSettings = {
				ASSETCATALOG_COMPILER_APPICON_NAME = AppIcon;
				ASSETCATALOG_COMPILER_GLOBAL_ACCENT_COLOR_NAME = AccentColor;
				CODE_SIGN_STYLE = Automatic;
				CURRENT_PROJECT_VERSION = 1;
				DEVELOPMENT_ASSET_PATHS = "\"NetworkingDemoiOS/Preview Content\"";
				DEVELOPMENT_TEAM = PHHGHM5K66;
				ENABLE_PREVIEWS = YES;
				GENERATE_INFOPLIST_FILE = YES;
				INFOPLIST_KEY_UIApplicationSceneManifest_Generation = YES;
				INFOPLIST_KEY_UIApplicationSupportsIndirectInputEvents = YES;
				INFOPLIST_KEY_UILaunchScreen_Generation = YES;
				INFOPLIST_KEY_UISupportedInterfaceOrientations_iPad = "UIInterfaceOrientationPortrait UIInterfaceOrientationPortraitUpsideDown UIInterfaceOrientationLandscapeLeft UIInterfaceOrientationLandscapeRight";
				INFOPLIST_KEY_UISupportedInterfaceOrientations_iPhone = "UIInterfaceOrientationPortrait UIInterfaceOrientationLandscapeLeft UIInterfaceOrientationLandscapeRight";
				LD_RUNPATH_SEARCH_PATHS = (
					"$(inherited)",
					"@executable_path/Frameworks",
				);
				MARKETING_VERSION = 1.0;
				PRODUCT_BUNDLE_IDENTIFIER = com.objectstep.NetworkingDemoiOS;
				PRODUCT_NAME = "$(TARGET_NAME)";
				SWIFT_EMIT_LOC_STRINGS = YES;
				SWIFT_VERSION = 5.0;
				TARGETED_DEVICE_FAMILY = "1,2";
			};
			name = Release;
		};
/* End XCBuildConfiguration section */

/* Begin XCConfigurationList section */
		F76F493F2A277EC400D8278A /* Build configuration list for PBXProject "NetworkingDemoiOS" */ = {
			isa = XCConfigurationList;
			buildConfigurations = (
				F76F49502A277EC500D8278A /* Debug */,
				F76F49512A277EC500D8278A /* Release */,
			);
			defaultConfigurationIsVisible = 0;
			defaultConfigurationName = Release;
		};
		F76F49522A277EC500D8278A /* Build configuration list for PBXNativeTarget "NetworkingDemoiOS" */ = {
			isa = XCConfigurationList;
			buildConfigurations = (
				F76F49532A277EC500D8278A /* Debug */,
				F76F49542A277EC500D8278A /* Release */,
			);
			defaultConfigurationIsVisible = 0;
			defaultConfigurationName = Release;
		};
/* End XCConfigurationList section */
	};
	rootObject = F76F493C2A277EC400D8278A /* Project object */;
}
